
Microsoft Visual Studio Solution File, Format Version 12.00
# Visual Studio 2012
Project("{FAE04EC0-301F-11D3-BF4B-00C04F79EFBC}") = "Porthole", "Porthole\Porthole.csproj", "{66CB0AC1-EDC2-48ED-950F-D446012CC6A2}"
EndProject
Project("{FAE04EC0-301F-11D3-BF4B-00C04F79EFBC}") = "Porthole.Tests", "Porthole.Tests\Porthole.Tests.csproj", "{F4EA153C-B2CF-44B1-A7E9-EA1E33C2F09D}"
EndProject
Global
	GlobalSection(SolutionConfigurationPlatforms) = preSolution
		Debug|Any CPU = Debug|Any CPU
		Release|Any CPU = Release|Any CPU
	EndGlobalSection
	GlobalSection(ProjectConfigurationPlatforms) = postSolution
		{66CB0AC1-EDC2-48ED-950F-D446012CC6A2}.Debug|Any CPU.ActiveCfg = Debug|Any CPU
		{66CB0AC1-EDC2-48ED-950F-D446012CC6A2}.Debug|Any CPU.Build.0 = Debug|Any CPU
		{66CB0AC1-EDC2-48ED-950F-D446012CC6A2}.Release|Any CPU.ActiveCfg = Release|Any CPU
		{66CB0AC1-EDC2-48ED-950F-D446012CC6A2}.Release|Any CPU.Build.0 = Release|Any CPU
		{F4EA153C-B2CF-44B1-A7E9-EA1E33C2F09D}.Debug|Any CPU.ActiveCfg = Debug|Any CPU
		{F4EA153C-B2CF-44B1-A7E9-EA1E33C2F09D}.Debug|Any CPU.Build.0 = Debug|Any CPU
		{F4EA153C-B2CF-44B1-A7E9-EA1E33C2F09D}.Release|Any CPU.ActiveCfg = Release|Any CPU
		{F4EA153C-B2CF-44B1-A7E9-EA1E33C2F09D}.Release|Any CPU.Build.0 = Release|Any CPU
	EndGlobalSection
EndGlobal
